
Microsoft Visual Studio Solution File, Format Version 12.00
# Visual Studio 15
Project("{FAE04EC0-301F-11D3-BF4B-00C04F79EFBC}") = "Assembly-CSharp", "Assembly-CSharp.csproj", "{5233CB41-3165-CFAA-DF25-F9E80EC629F9}"
EndProject
Project("{FAE04EC0-301F-11D3-BF4B-00C04F79EFBC}") = "Assembly-CSharp-Editor", "Assembly-CSharp-Editor.csproj", "{1A3FEAE6-29F4-EB74-0B02-9BB06C498270}"
EndProject
Global
	GlobalSection(SolutionConfigurationPlatforms) = preSolution
		Debug|Any CPU = Debug|Any CPU
		Release|Any CPU = Release|Any CPU
	EndGlobalSection
	GlobalSection(ProjectConfigurationPlatforms) = postSolution
		{5233CB41-3165-CFAA-DF25-F9E80EC629F9}.Debug|Any CPU.ActiveCfg = Debug|Any CPU
		{5233CB41-3165-CFAA-DF25-F9E80EC629F9}.Debug|Any CPU.Build.0 = Debug|Any CPU
		{5233CB41-3165-CFAA-DF25-F9E80EC629F9}.Release|Any CPU.ActiveCfg = Release|Any CPU
		{5233CB41-3165-CFAA-DF25-F9E80EC629F9}.Release|Any CPU.Build.0 = Release|Any CPU
		{1A3FEAE6-29F4-EB74-0B02-9BB06C498270}.Debug|Any CPU.ActiveCfg = Debug|Any CPU
		{1A3FEAE6-29F4-EB74-0B02-9BB06C498270}.Debug|Any CPU.Build.0 = Debug|Any CPU
		{1A3FEAE6-29F4-EB74-0B02-9BB06C498270}.Release|Any CPU.ActiveCfg = Release|Any CPU
		{1A3FEAE6-29F4-EB74-0B02-9BB06C498270}.Release|Any CPU.Build.0 = Release|Any CPU
	EndGlobalSection
	GlobalSection(SolutionProperties) = preSolution
		HideSolutionNode = FALSE
	EndGlobalSection
EndGlobal
